// !$*UTF8*$!
{
	archiveVersion = 1;
	classes = {
	};
	objectVersion = 46;
	objects = {

/* Begin PBXBuildFile section */
		3BCA739B1D6CB0860076E745 /* AppDelegate.swift in Sources */ = {isa = PBXBuildFile; fileRef = 3BCA739A1D6CB0860076E745 /* AppDelegate.swift */; };
		3BCA739D1D6CB0860076E745 /* MainViewController.swift in Sources */ = {isa = PBXBuildFile; fileRef = 3BCA739C1D6CB0860076E745 /* MainViewController.swift */; };
		3BCA73A01D6CB0860076E745 /* Main.storyboard in Resources */ = {isa = PBXBuildFile; fileRef = 3BCA739E1D6CB0860076E745 /* Main.storyboard */; };
		3BCA73A21D6CB0860076E745 /* Assets.xcassets in Resources */ = {isa = PBXBuildFile; fileRef = 3BCA73A11D6CB0860076E745 /* Assets.xcassets */; };
		3BCA73A51D6CB0860076E745 /* LaunchScreen.storyboard in Resources */ = {isa = PBXBuildFile; fileRef = 3BCA73A31D6CB0860076E745 /* LaunchScreen.storyboard */; };
		3BCA73AD1D6CB0F30076E745 /* PageViewController.swift in Sources */ = {isa = PBXBuildFile; fileRef = 3BCA73AC1D6CB0F30076E745 /* PageViewController.swift */; };
		3BCEC04B1D77D7E000D1D513 /* TabPageCell.swift in Sources */ = {isa = PBXBuildFile; fileRef = 3BCEC0491D77D7E000D1D513 /* TabPageCell.swift */; };
		3BCEC04C1D77D7E000D1D513 /* TabPageCell.xib in Resources */ = {isa = PBXBuildFile; fileRef = 3BCEC04A1D77D7E000D1D513 /* TabPageCell.xib */; };
		3BD7DC911D71BAF700800E67 /* ContentViewController.swift in Sources */ = {isa = PBXBuildFile; fileRef = 3BD7DC901D71BAF700800E67 /* ContentViewController.swift */; };
		3BDAA0871D6F5C38000833E0 /* PageConfigures.swift in Sources */ = {isa = PBXBuildFile; fileRef = 3BDAA0861D6F5C38000833E0 /* PageConfigures.swift */; };
/* End PBXBuildFile section */

/* Begin PBXFileReference section */
		3BCA73971D6CB0860076E745 /* DemoPageVC.app */ = {isa = PBXFileReference; explicitFileType = wrapper.application; includeInIndex = 0; path = DemoPageVC.app; sourceTree = BUILT_PRODUCTS_DIR; };
		3BCA739A1D6CB0860076E745 /* AppDelegate.swift */ = {isa = PBXFileReference; lastKnownFileType = sourcecode.swift; path = AppDelegate.swift; sourceTree = "<group>"; };
		3BCA739C1D6CB0860076E745 /* MainViewController.swift */ = {isa = PBXFileReference; lastKnownFileType = sourcecode.swift; path = MainViewController.swift; sourceTree = "<group>"; };
		3BCA739F1D6CB0860076E745 /* Base */ = {isa = PBXFileReference; lastKnownFileType = file.storyboard; name = Base; path = Base.lproj/Main.storyboard; sourceTree = "<group>"; };
		3BCA73A11D6CB0860076E745 /* Assets.xcassets */ = {isa = PBXFileReference; lastKnownFileType = folder.assetcatalog; path = Assets.xcassets; sourceTree = "<group>"; };
		3BCA73A41D6CB0860076E745 /* Base */ = {isa = PBXFileReference; lastKnownFileType = file.storyboard; name = Base; path = Base.lproj/LaunchScreen.storyboard; sourceTree = "<group>"; };
		3BCA73A61D6CB0860076E745 /* Info.plist */ = {isa = PBXFileReference; lastKnownFileType = text.plist.xml; path = Info.plist; sourceTree = "<group>"; };
		3BCA73AC1D6CB0F30076E745 /* PageViewController.swift */ = {isa = PBXFileReference; fileEncoding = 4; lastKnownFileType = sourcecode.swift; path = PageViewController.swift; sourceTree = "<group>"; };
		3BCEC0491D77D7E000D1D513 /* TabPageCell.swift */ = {isa = PBXFileReference; fileEncoding = 4; lastKnownFileType = sourcecode.swift; name = TabPageCell.swift; path = Views/TabPageCell.swift; sourceTree = "<group>"; };
		3BCEC04A1D77D7E000D1D513 /* TabPageCell.xib */ = {isa = PBXFileReference; fileEncoding = 4; lastKnownFileType = file.xib; name = TabPageCell.xib; path = Views/TabPageCell.xib; sourceTree = "<group>"; };
		3BD7DC901D71BAF700800E67 /* ContentViewController.swift */ = {isa = PBXFileReference; fileEncoding = 4; lastKnownFileType = sourcecode.swift; path = ContentViewController.swift; sourceTree = "<group>"; };
		3BDAA0861D6F5C38000833E0 /* PageConfigures.swift */ = {isa = PBXFileReference; fileEncoding = 4; lastKnownFileType = sourcecode.swift; path = PageConfigures.swift; sourceTree = "<group>"; };
/* End PBXFileReference section */

/* Begin PBXFrameworksBuildPhase section */
		3BCA73941D6CB0860076E745 /* Frameworks */ = {
			isa = PBXFrameworksBuildPhase;
			buildActionMask = 2147483647;
			files = (
			);
			runOnlyForDeploymentPostprocessing = 0;
		};
/* End PBXFrameworksBuildPhase section */

/* Begin PBXGroup section */
		3BCA738E1D6CB0860076E745 = {
			isa = PBXGroup;
			children = (
				3BCA73991D6CB0860076E745 /* DemoPageVC */,
				3BCA73981D6CB0860076E745 /* Products */,
			);
			sourceTree = "<group>";
		};
		3BCA73981D6CB0860076E745 /* Products */ = {
			isa = PBXGroup;
			children = (
				3BCA73971D6CB0860076E745 /* DemoPageVC.app */,
			);
			name = Products;
			sourceTree = "<group>";
		};
		3BCA73991D6CB0860076E745 /* DemoPageVC */ = {
			isa = PBXGroup;
			children = (
				3BCA739A1D6CB0860076E745 /* AppDelegate.swift */,
				3BDAA0861D6F5C38000833E0 /* PageConfigures.swift */,
				3BCA739C1D6CB0860076E745 /* MainViewController.swift */,
				3BCA73AC1D6CB0F30076E745 /* PageViewController.swift */,
				3BD7DC901D71BAF700800E67 /* ContentViewController.swift */,
				3BCA739E1D6CB0860076E745 /* Main.storyboard */,
				3BCA73A11D6CB0860076E745 /* Assets.xcassets */,
				3BCA73A31D6CB0860076E745 /* LaunchScreen.storyboard */,
				3BCA73A61D6CB0860076E745 /* Info.plist */,
				3BCEC0491D77D7E000D1D513 /* TabPageCell.swift */,
				3BCEC04A1D77D7E000D1D513 /* TabPageCell.xib */,
			);
			path = DemoPageVC;
			sourceTree = "<group>";
		};
/* End PBXGroup section */

/* Begin PBXNativeTarget section */
		3BCA73961D6CB0860076E745 /* DemoPageVC */ = {
			isa = PBXNativeTarget;
			buildConfigurationList = 3BCA73A91D6CB0860076E745 /* Build configuration list for PBXNativeTarget "DemoPageVC" */;
			buildPhases = (
				3BCA73931D6CB0860076E745 /* Sources */,
				3BCA73941D6CB0860076E745 /* Frameworks */,
				3BCA73951D6CB0860076E745 /* Resources */,
			);
			buildRules = (
			);
			dependencies = (
			);
			name = DemoPageVC;
			productName = DemoPageVC;
			productReference = 3BCA73971D6CB0860076E745 /* DemoPageVC.app */;
			productType = "com.apple.product-type.application";
		};
/* End PBXNativeTarget section */

/* Begin PBXProject section */
		3BCA738F1D6CB0860076E745 /* Project object */ = {
			isa = PBXProject;
			attributes = {
				LastSwiftUpdateCheck = 0730;
				LastUpgradeCheck = 0810;
				ORGANIZATIONNAME = "Duc Minh";
				TargetAttributes = {
					3BCA73961D6CB0860076E745 = {
						CreatedOnToolsVersion = 7.3.1;
					};
				};
			};
			buildConfigurationList = 3BCA73921D6CB0860076E745 /* Build configuration list for PBXProject "DemoPageVC" */;
			compatibilityVersion = "Xcode 3.2";
			developmentRegion = English;
			hasScannedForEncodings = 0;
			knownRegions = (
				en,
				Base,
			);
			mainGroup = 3BCA738E1D6CB0860076E745;
			productRefGroup = 3BCA73981D6CB0860076E745 /* Products */;
			projectDirPath = "";
			projectRoot = "";
			targets = (
				3BCA73961D6CB0860076E745 /* DemoPageVC */,
			);
		};
/* End PBXProject section */

/* Begin PBXResourcesBuildPhase section */
		3BCA73951D6CB0860076E745 /* Resources */ = {
			isa = PBXResourcesBuildPhase;
			buildActionMask = 2147483647;
			files = (
				3BCEC04C1D77D7E000D1D513 /* TabPageCell.xib in Resources */,
				3BCA73A51D6CB0860076E745 /* LaunchScreen.storyboard in Resources */,
				3BCA73A21D6CB0860076E745 /* Assets.xcassets in Resources */,
				3BCA73A01D6CB0860076E745 /* Main.storyboard in Resources */,
			);
			runOnlyForDeploymentPostprocessing = 0;
		};
/* End PBXResourcesBuildPhase section */

/* Begin PBXSourcesBuildPhase section */
		3BCA73931D6CB0860076E745 /* Sources */ = {
			isa = PBXSourcesBuildPhase;
			buildActionMask = 2147483647;
			files = (
				3BD7DC911D71BAF700800E67 /* ContentViewController.swift in Sources */,
				3BCA73AD1D6CB0F30076E745 /* PageViewController.swift in Sources */,
				3BDAA0871D6F5C38000833E0 /* PageConfigures.swift in Sources */,
				3BCA739D1D6CB0860076E745 /* MainViewController.swift in Sources */,
				3BCEC04B1D77D7E000D1D513 /* TabPageCell.swift in Sources */,
				3BCA739B1D6CB0860076E745 /* AppDelegate.swift in Sources */,
			);
			runOnlyForDeploymentPostprocessing = 0;
		};
/* End PBXSourcesBuildPhase section */

/* Begin PBXVariantGroup section */
		3BCA739E1D6CB0860076E745 /* Main.storyboard */ = {
			isa = PBXVariantGroup;
			children = (
				3BCA739F1D6CB0860076E745 /* Base */,
			);
			name = Main.storyboard;
			sourceTree = "<group>";
		};
		3BCA73A31D6CB0860076E745 /* LaunchScreen.storyboard */ = {
			isa = PBXVariantGroup;
			children = (
				3BCA73A41D6CB0860076E745 /* Base */,
			);
			name = LaunchScreen.storyboard;
			sourceTree = "<group>";
		};
/* End PBXVariantGroup section */

/* Begin XCBuildConfiguration section */
		3BCA73A71D6CB0860076E745 /* Debug */ = {
			isa = XCBuildConfiguration;
			buildSettings = {
				ALWAYS_SEARCH_USER_PATHS = NO;
				CLANG_ANALYZER_NONNULL = YES;
				CLANG_CXX_LANGUAGE_STANDARD = "gnu++0x";
				CLANG_CXX_LIBRARY = "libc++";
				CLANG_ENABLE_MODULES = YES;
				CLANG_ENABLE_OBJC_ARC = YES;
				CLANG_WARN_BOOL_CONVERSION = YES;
				CLANG_WARN_CONSTANT_CONVERSION = YES;
				CLANG_WARN_DIRECT_OBJC_ISA_USAGE = YES_ERROR;
				CLANG_WARN_EMPTY_BODY = YES;
				CLANG_WARN_ENUM_CONVERSION = YES;
				CLANG_WARN_INFINITE_RECURSION = YES;
				CLANG_WARN_INT_CONVERSION = YES;
				CLANG_WARN_OBJC_ROOT_CLASS = YES_ERROR;
				CLANG_WARN_SUSPICIOUS_MOVE = YES;
				CLANG_WARN_UNREACHABLE_CODE = YES;
				CLANG_WARN__DUPLICATE_METHOD_MATCH = YES;
				"CODE_SIGN_IDENTITY[sdk=iphoneos*]" = "iPhone Developer";
				COPY_PHASE_STRIP = NO;
				DEBUG_INFORMATION_FORMAT = dwarf;
				ENABLE_STRICT_OBJC_MSGSEND = YES;
				ENABLE_TESTABILITY = YES;
				GCC_C_LANGUAGE_STANDARD = gnu99;
				GCC_DYNAMIC_NO_PIC = NO;
				GCC_NO_COMMON_BLOCKS = YES;
				GCC_OPTIMIZATION_LEVEL = 0;
				GCC_PREPROCESSOR_DEFINITIONS = (
					"DEBUG=1",
					"$(inherited)",
				);
				GCC_WARN_64_TO_32_BIT_CONVERSION = YES;
				GCC_WARN_ABOUT_RETURN_TYPE = YES_ERROR;
				GCC_WARN_UNDECLARED_SELECTOR = YES;
				GCC_WARN_UNINITIALIZED_AUTOS = YES_AGGRESSIVE;
				GCC_WARN_UNUSED_FUNCTION = YES;
				GCC_WARN_UNUSED_VARIABLE = YES;
				IPHONEOS_DEPLOYMENT_TARGET = 9.3;
				MTL_ENABLE_DEBUG_INFO = YES;
				ONLY_ACTIVE_ARCH = YES;
				SDKROOT = iphoneos;
				SWIFT_OPTIMIZATION_LEVEL = "-Onone";
				TARGETED_DEVICE_FAMILY = "1,2";
			};
			name = Debug;
		};
		3BCA73A81D6CB0860076E745 /* Release */ = {
			isa = XCBuildConfiguration;
			buildSettings = {
				ALWAYS_SEARCH_USER_PATHS = NO;
				CLANG_ANALYZER_NONNULL = YES;
				CLANG_CXX_LANGUAGE_STANDARD = "gnu++0x";
				CLANG_CXX_LIBRARY = "libc++";
				CLANG_ENABLE_MODULES = YES;
				CLANG_ENABLE_OBJC_ARC = YES;
				CLANG_WARN_BOOL_CONVERSION = YES;
				CLANG_WARN_CONSTANT_CONVERSION = YES;
				CLANG_WARN_DIRECT_OBJC_ISA_USAGE = YES_ERROR;
				CLANG_WARN_EMPTY_BODY = YES;
				CLANG_WARN_ENUM_CONVERSION = YES;
				CLANG_WARN_INFINITE_RECURSION = YES;
				CLANG_WARN_INT_CONVERSION = YES;
				CLANG_WARN_OBJC_ROOT_CLASS = YES_ERROR;
				CLANG_WARN_SUSPICIOUS_MOVE = YES;
				CLANG_WARN_UNREACHABLE_CODE = YES;
				CLANG_WARN__DUPLICATE_METHOD_MATCH = YES;
				"CODE_SIGN_IDENTITY[sdk=iphoneos*]" = "iPhone Developer";
				COPY_PHASE_STRIP = NO;
				DEBUG_INFORMATION_FORMAT = "dwarf-with-dsym";
				ENABLE_NS_ASSERTIONS = NO;
				ENABLE_STRICT_OBJC_MSGSEND = YES;
				GCC_C_LANGUAGE_STANDARD = gnu99;
				GCC_NO_COMMON_BLOCKS = YES;
				GCC_WARN_64_TO_32_BIT_CONVERSION = YES;
				GCC_WARN_ABOUT_RETURN_TYPE = YES_ERROR;
				GCC_WARN_UNDECLARED_SELECTOR = YES;
				GCC_WARN_UNINITIALIZED_AUTOS = YES_AGGRESSIVE;
				GCC_WARN_UNUSED_FUNCTION = YES;
				GCC_WARN_UNUSED_VARIABLE = YES;
				IPHONEOS_DEPLOYMENT_TARGET = 9.3;
				MTL_ENABLE_DEBUG_INFO = NO;
				SDKROOT = iphoneos;
				SWIFT_OPTIMIZATION_LEVEL = "-Owholemodule";
				TARGETED_DEVICE_FAMILY = "1,2";
				VALIDATE_PRODUCT = YES;
			};
			name = Release;
		};
		3BCA73AA1D6CB0860076E745 /* Debug */ = {
			isa = XCBuildConfiguration;
			buildSettings = {
				ASSETCATALOG_COMPILER_APPICON_NAME = AppIcon;
				INFOPLIST_FILE = DemoPageVC/Info.plist;
				LD_RUNPATH_SEARCH_PATHS = "$(inherited) @executable_path/Frameworks";
				PRODUCT_BUNDLE_IDENTIFIER = com.DucMinh.app.DemoPageVC;
				PRODUCT_NAME = "$(TARGET_NAME)";
				SWIFT_VERSION = 2.3;
			};
			name = Debug;
		};
		3BCA73AB1D6CB0860076E745 /* Release */ = {
			isa = XCBuildConfiguration;
			buildSettings = {
				ASSETCATALOG_COMPILER_APPICON_NAME = AppIcon;
				INFOPLIST_FILE = DemoPageVC/Info.plist;
				LD_RUNPATH_SEARCH_PATHS = "$(inherited) @executable_path/Frameworks";
				PRODUCT_BUNDLE_IDENTIFIER = com.DucMinh.app.DemoPageVC;
				PRODUCT_NAME = "$(TARGET_NAME)";
				SWIFT_VERSION = 2.3;
			};
			name = Release;
		};
/* End XCBuildConfiguration section */

/* Begin XCConfigurationList section */
		3BCA73921D6CB0860076E745 /* Build configuration list for PBXProject "DemoPageVC" */ = {
			isa = XCConfigurationList;
			buildConfigurations = (
				3BCA73A71D6CB0860076E745 /* Debug */,
				3BCA73A81D6CB0860076E745 /* Release */,
			);
			defaultConfigurationIsVisible = 0;
			defaultConfigurationName = Release;
		};
		3BCA73A91D6CB0860076E745 /* Build configuration list for PBXNativeTarget "DemoPageVC" */ = {
			isa = XCConfigurationList;
			buildConfigurations = (
				3BCA73AA1D6CB0860076E745 /* Debug */,
				3BCA73AB1D6CB0860076E745 /* Release */,
			);
			defaultConfigurationIsVisible = 0;
			defaultConfigurationName = Release;
		};
/* End XCConfigurationList section */
	};
	rootObject = 3BCA738F1D6CB0860076E745 /* Project object */;
}
